<?xml version="1.0" encoding="utf-8"?>
<Project xmlns="http://schemas.microsoft.com/developer/msbuild/2003">
  <PropertyGroup>
    <ProjectGuid>{ff48eab1-ce8d-45ff-9b6b-3d949b000333}</ProjectGuid>
    <MainSource>FIBPlusEditors2007.dpk</MainSource>
    <Configuration Condition=" '$(Configuration)' == '' ">Devrace</Configuration>
    <Platform Condition=" '$(Platform)' == '' ">AnyCPU</Platform>
    <DCC_DCCCompiler>DCC32</DCC_DCCCompiler>
    <DCC_DependencyCheckOutputName>bpl\FIBPlusEditors2007.bpl</DCC_DependencyCheckOutputName>
  </PropertyGroup>
  <PropertyGroup Condition=" '$(Configuration)|$(Platform)' == 'Release|AnyCPU' ">
    <Version>7.0</Version>
    <DCC_DebugInformation>False</DCC_DebugInformation>
    <DCC_WriteableConstants>True</DCC_WriteableConstants>
    <DCC_LocalDebugSymbols>False</DCC_LocalDebugSymbols>
    <DCC_SymbolReferenceInfo>0</DCC_SymbolReferenceInfo>
    <DCC_CBuilderOutput>All</DCC_CBuilderOutput>
    <DCC_UnitSearchPath>..</DCC_UnitSearchPath>
    <DCC_ResourcePath>..</DCC_ResourcePath>
    <DCC_ObjPath>..</DCC_ObjPath>
    <DCC_IncludePath>..</DCC_IncludePath>
    <DCC_Define>RELEASE</DCC_Define>
  </PropertyGroup>
  <PropertyGroup Condition=" '$(Configuration)|$(Platform)' == 'Debug|AnyCPU' ">
    <Version>7.0</Version>
    <DCC_WriteableConstants>True</DCC_WriteableConstants>
    <DCC_UnitSearchPath>editors\</DCC_UnitSearchPath>
    <DCC_ResourcePath>editors\</DCC_ResourcePath>
    <DCC_ObjPath>editors\</DCC_ObjPath>
    <DCC_IncludePath>editors\</DCC_IncludePath>
    <DCC_DcuOutput>Editors\d2007</DCC_DcuOutput>
    <DCC_ObjOutput>Editors\d2007</DCC_ObjOutput>
    <DCC_HppOutput>Editors\d2007</DCC_HppOutput>
    <DCC_BplOutput>Editors\d2007</DCC_BplOutput>
  </PropertyGroup>
  <PropertyGroup Condition=" '$(Configuration)|$(Platform)' == 'Devrace|AnyCPU' ">
    <Version>7.0</Version>
    <DCC_AssertionsAtRuntime>False</DCC_AssertionsAtRuntime>
    <DCC_DebugInformation>False</DCC_DebugInformation>
    <DCC_WriteableConstants>True</DCC_WriteableConstants>
    <DCC_LocalDebugSymbols>False</DCC_LocalDebugSymbols>
    <DCC_SymbolReferenceInfo>0</DCC_SymbolReferenceInfo>
    <DCC_DcuOutput>d2007</DCC_DcuOutput>
    <DCC_ObjOutput>d2007</DCC_ObjOutput>
    <DCC_HppOutput>d2007</DCC_HppOutput>
    <DCC_BplOutput>bpl</DCC_BplOutput>
  </PropertyGroup>
  <ProjectExtensions>
    <Borland.Personality>Delphi.Personality</Borland.Personality>
    <Borland.ProjectType>Package</Borland.ProjectType>
    <BorlandProject>
<BorlandProject><Delphi.Personality><Parameters><Parameters Name="UseLauncher">False</Parameters><Parameters Name="LoadAllSymbols">True</Parameters><Parameters Name="LoadUnspecifiedSymbols">False</Parameters></Parameters><Package_Options><Package_Options Name="PackageDescription">FIBPlus Property Editors</Package_Options><Package_Options Name="ImplicitBuild">False</Package_Options><Package_Options Name="DesigntimeOnly">True</Package_Options><Package_Options Name="RuntimeOnly">False</Package_Options></Package_Options><VersionInfo><VersionInfo Name="IncludeVerInfo">True</VersionInfo><VersionInfo Name="AutoIncBuild">False</VersionInfo><VersionInfo Name="MajorVer">1</VersionInfo><VersionInfo Name="MinorVer">0</VersionInfo><VersionInfo Name="Release">0</VersionInfo><VersionInfo Name="Build">0</VersionInfo><VersionInfo Name="Debug">False</VersionInfo><VersionInfo Name="PreRelease">False</VersionInfo><VersionInfo Name="Special">False</VersionInfo><VersionInfo Name="Private">False</VersionInfo><VersionInfo Name="DLL">False</VersionInfo><VersionInfo Name="Locale">1049</VersionInfo><VersionInfo Name="CodePage">1251</VersionInfo></VersionInfo><VersionInfoKeys><VersionInfoKeys Name="CompanyName"></VersionInfoKeys><VersionInfoKeys Name="FileDescription"></VersionInfoKeys><VersionInfoKeys Name="FileVersion">1.0.0.0</VersionInfoKeys><VersionInfoKeys Name="InternalName"></VersionInfoKeys><VersionInfoKeys Name="LegalCopyright"></VersionInfoKeys><VersionInfoKeys Name="LegalTrademarks"></VersionInfoKeys><VersionInfoKeys Name="OriginalFilename"></VersionInfoKeys><VersionInfoKeys Name="ProductName"></VersionInfoKeys><VersionInfoKeys Name="ProductVersion">1.0.0.0</VersionInfoKeys><VersionInfoKeys Name="Comments"></VersionInfoKeys></VersionInfoKeys><Source><Source Name="MainSource">FIBPlusEditors2007.dpk</Source></Source><Excluded_Packages>
      <Excluded_Packages Name="$(BDS)\bin\bcboffice2k100.bpl">CodeGear C++Builder Office 2000 Servers Package</Excluded_Packages>
      <Excluded_Packages Name="$(BDS)\bin\bcbofficexp100.bpl">CodeGear C++Builder Office XP Servers Package</Excluded_Packages>
      <Excluded_Packages Name="$(BDS)\bin\dcloffice2k100.bpl">Microsoft Office 2000 Sample Automation Server Wrapper Components</Excluded_Packages>
      <Excluded_Packages Name="$(BDS)\bin\dclofficexp100.bpl">Microsoft Office XP Sample Automation Server Wrapper Components</Excluded_Packages>
    </Excluded_Packages></Delphi.Personality></BorlandProject></BorlandProject>
  </ProjectExtensions>
  <Import Project="$(MSBuildBinPath)\Borland.Delphi.Targets" />
  <ItemGroup>
    <DelphiCompile Include="FIBPlusEditors2007.dpk">
      <MainSource>MainSource</MainSource>
    </DelphiCompile>
    <DCCReference Include="..\Editors\EdDataSetInfo.pas">
      <Form>frmEdDataSetInfo</Form>
    </DCCReference>
    <DCCReference Include="..\Editors\EdErrorInfo.pas">
      <Form>frmErrors</Form>
    </DCCReference>
    <DCCReference Include="..\Editors\EdFieldInfo.pas">
      <Form>frmFields</Form>
    </DCCReference>
    <DCCReference Include="..\Editors\EdParamToFields.pas">
      <Form>frmEdParamToFields</Form>
    </DCCReference>
    <DCCReference Include="..\Editors\FIBDataSQLEditor.pas">
      <Form>frmDstSQLedit</Form>
    </DCCReference>
    <DCCReference Include="..\Editors\FIBSQLEditor.pas">
      <Form>frmSQLEdit</Form>
    </DCCReference>
    <DCCReference Include="..\Editors\FIBToolsConsts.pas" />
    <DCCReference Include="..\Editors\FindCmp.pas" />
    <DCCReference Include="..\Editors\fraAutoUpdEditor.pas">
      <DesignClass>TFrame</DesignClass>
      <Form>fAutoUpdateOptionForm</Form>
    </DCCReference>
    <DCCReference Include="..\Editors\fraConditionsEdit.pas">
      <DesignClass>TFrame</DesignClass>
      <Form>fraEdConditions</Form>
    </DCCReference>
    <DCCReference Include="..\Editors\fraDSSQLEdit.pas">
      <DesignClass>TFrame</DesignClass>
      <Form>fDSSQLEdit</Form>
    </DCCReference>
    <DCCReference Include="..\Editors\fraSQLEdit.pas">
      <DesignClass>TFrame</DesignClass>
      <Form>fSQLEdit</Form>
    </DCCReference>
    <DCCReference Include="..\Editors\IBSQLSyn.pas" />
    <DCCReference Include="..\Editors\pFIBAutoUpdEditor.pas">
      <Form>pFIBAutoUpdateOptionForm</Form>
    </DCCReference>
    <DCCReference Include="..\Editors\pFIBComponentEditors.pas" />
    <DCCReference Include="..\Editors\pFIBConditionsEdit.pas">
      <Form>frmEditCheckStrings</Form>
    </DCCReference>
    <DCCReference Include="..\Editors\pFIBDataSetOptions.pas">
      <Form>FPDataSetOptionsForm</Form>
    </DCCReference>
    <DCCReference Include="..\Editors\pFIBDBEdit.pas">
      <Form>DBEditForm</Form>
    </DCCReference>
    <DCCReference Include="..\Editors\pfibdsgnviewsqls.pas" />
    <DCCReference Include="..\Editors\pFIBEditorsConsts.pas" />
    <DCCReference Include="..\Editors\pFIBPreferences.pas" />
    <DCCReference Include="..\Editors\pFIBRepositoryOperations.pas" />
    <DCCReference Include="..\Editors\pFIBTrEdit.pas">
      <Form>frmTransEdit</Form>
    </DCCReference>
    <DCCReference Include="..\Editors\RegFIBPlusEditors.pas" />
    <DCCReference Include="..\Editors\RegistryUtils.pas" />
    <DCCReference Include="..\Editors\RegSynEditAlt.pas" />
    <DCCReference Include="..\Editors\RTTIRoutines.pas" />
    <DCCReference Include="..\Editors\ToCodeEditor.pas" />
    <DCCReference Include="..\Editors\ToCodeEditorIntfs.pas" />
    <DCCReference Include="..\Editors\uFIBScriptForm.pas" />
    <DCCReference Include="..\Editors\uFrmSearchResult.pas" />
    <DCCReference Include="dbrtl.dcp" />
    <DCCReference Include="designide.dcp" />
    <DCCReference Include="dsnap.dcp" />
    <DCCReference Include="FIBPlus2007.dcp" />
    <DCCReference Include="rtl.dcp" />
    <DCCReference Include="vcl.dcp" />
    <DCCReference Include="vclactnband.dcp" />
    <DCCReference Include="vcldb.dcp" />
    <DCCReference Include="vclx.dcp" />
    <DCCReference Include="xmlrtl.dcp" />
  </ItemGroup>
</Project>