	<Project xmlns="http://schemas.microsoft.com/developer/msbuild/2003">
		<PropertyGroup>
			<ProjectGuid>{0f436fc7-b823-4a6a-8159-0cddb23370e9}</ProjectGuid>
			<MainSource>FIBPlus2010.dpk</MainSource>
			<Configuration Condition=" '$(Configuration)' == '' ">Release</Configuration>
			<Platform Condition=" '$(Platform)' == '' ">AnyCPU</Platform>
			<DCC_DCCCompiler>DCC32</DCC_DCCCompiler>
			<DCC_DependencyCheckOutputName>C:\Documents and Settings\vvs.HOME\Мои документы\RAD Studio\5.0\Bpl\FIBPlus2007.bpl</DCC_DependencyCheckOutputName>
			<ProjectVersion>12.0</ProjectVersion>
			<Config Condition="'$(Config)'==''">Release</Config>
		</PropertyGroup>
		<PropertyGroup Condition="'$(Config)'=='Base' or '$(Base)'!=''">
			<Base>true</Base>
		</PropertyGroup>
		<PropertyGroup Condition="'$(Config)'=='Debug' or '$(Cfg_1)'!=''">
			<Cfg_1>true</Cfg_1>
			<CfgParent>Base</CfgParent>
			<Base>true</Base>
		</PropertyGroup>
		<PropertyGroup Condition="'$(Config)'=='Release' or '$(Cfg_2)'!=''">
			<Cfg_2>true</Cfg_2>
			<CfgParent>Base</CfgParent>
			<Base>true</Base>
		</PropertyGroup>
		<PropertyGroup Condition="'$(Base)'!=''">
			<DCC_DcuOutput>.\$(Platform)\$(Config)</DCC_DcuOutput>
			<DCC_SymbolReferenceInfo>1</DCC_SymbolReferenceInfo>
			<DCC_ImageBase>00400000</DCC_ImageBase>
			<DesignOnlyPackage>false</DesignOnlyPackage>
			<DCC_Description>FIBPlus</DCC_Description>
			<DCC_DependencyCheckOutputName>C:\Documents and Settings\All Users\Документы\RAD Studio\7.0\Bpl\FIBPlus2010.bpl</DCC_DependencyCheckOutputName>
			<DCC_OutputNeverBuildDcps>true</DCC_OutputNeverBuildDcps>
			<GenDll>true</GenDll>
			<DCC_WriteableConstants>true</DCC_WriteableConstants>
			<GenPackage>true</GenPackage>
		</PropertyGroup>
		<PropertyGroup Condition="'$(Cfg_1)'!=''">
			<Version>7.0</Version>
			<DCC_WriteableConstants>True</DCC_WriteableConstants>
		</PropertyGroup>
		<PropertyGroup Condition="'$(Cfg_2)'!=''">
			<Version>7.0</Version>
			<DCC_DebugInformation>False</DCC_DebugInformation>
			<DCC_WriteableConstants>True</DCC_WriteableConstants>
			<DCC_LocalDebugSymbols>False</DCC_LocalDebugSymbols>
			<DCC_SymbolReferenceInfo>0</DCC_SymbolReferenceInfo>
			<DCC_CBuilderOutput>All</DCC_CBuilderOutput>
			<DCC_Define>RELEASE</DCC_Define>
		</PropertyGroup>
		<ItemGroup>
			<DelphiCompile Include="FIBPlus2010.dpk">
				<MainSource>MainSource</MainSource>
			</DelphiCompile>
			<DCCReference Include="rtl.dcp"/>
			<DCCReference Include="vcl.dcp"/>
			<DCCReference Include="dbrtl.dcp"/>
			<DCCReference Include="dsnap.dcp"/>
			<DCCReference Include="vcldb.dcp"/>
			<DCCReference Include="..\Source\RegFIBPlus.pas"/>
			<DCCReference Include="..\Source\DBParsers.pas"/>
			<DCCReference Include="..\Source\DSContainer.pas"/>
			<DCCReference Include="..\Source\fib.pas"/>
			<DCCReference Include="..\Source\FIBCacheManage.pas"/>
			<DCCReference Include="..\Source\FIBCloneComponents.pas"/>
			<DCCReference Include="..\Source\FIBConsts.pas"/>
			<DCCReference Include="..\Source\FIBDatabase.pas"/>
			<DCCReference Include="..\Source\FIBDataSet.pas"/>
			<DCCReference Include="..\Source\FIBDBLoginDlg.pas"/>
			<DCCReference Include="..\Source\FIBMiscellaneous.pas"/>
			<DCCReference Include="..\Source\FIBQuery.pas"/>
			<DCCReference Include="..\Source\FIBSQLMonitor.pas"/>
			<DCCReference Include="..\Source\IB_ErrorCodes.pas"/>
			<DCCReference Include="..\Source\IB_Externals.pas"/>
			<DCCReference Include="..\Source\IB_Install.pas"/>
			<DCCReference Include="..\Source\IB_InstallHeader.pas"/>
			<DCCReference Include="..\Source\IB_Intf.pas"/>
			<DCCReference Include="..\Source\IB_Services.pas"/>
			<DCCReference Include="..\Source\ibase.pas"/>
			<DCCReference Include="..\Source\IBBlobFilter.pas"/>
			<DCCReference Include="..\Source\pFIBArray.pas"/>
			<DCCReference Include="..\Source\pFIBCacheQueries.pas"/>
			<DCCReference Include="..\Source\pFIBDatabase.pas"/>
			<DCCReference Include="..\Source\pFIBDataInfo.pas"/>
			<DCCReference Include="..\Source\pFIBDataSet.pas"/>
			<DCCReference Include="..\Source\pFIBErrorHandler.pas"/>
			<DCCReference Include="..\Source\pFIBEventLists.pas"/>
			<DCCReference Include="..\Source\pFIBFieldsDescr.pas"/>
			<DCCReference Include="..\Source\pFIBInterfaces.pas"/>
			<DCCReference Include="..\Source\pFIBLists.pas"/>
			<DCCReference Include="..\Source\pFIBProps.pas"/>
			<DCCReference Include="..\Source\pFIBQuery.pas"/>
			<DCCReference Include="..\Source\pFIBSQLLog.pas"/>
			<DCCReference Include="..\Source\pFIBStoredProc.pas"/>
			<DCCReference Include="..\Source\pTestInfo.pas"/>
			<DCCReference Include="..\Source\RegUtils.pas"/>
			<DCCReference Include="..\Source\SIBAPI.pas"/>
			<DCCReference Include="..\Source\SIBEABase.pas"/>
			<DCCReference Include="..\Source\SIBFIBEA.PAS"/>
			<DCCReference Include="..\Source\SIBGlobals.pas"/>
			<DCCReference Include="..\Source\SqlTxtRtns.pas"/>
			<DCCReference Include="..\Source\StdFuncs.pas"/>
			<DCCReference Include="..\Source\FIBTypes.pas"/>
			<DCCReference Include="..\Source\VariantRtn.pas"/>
			<DCCReference Include="..\Source\pFIBScripter.pas"/>
			<DCCReference Include="..\Source\StrUtil.pas"/>
			<DCCReference Include="..\Source\FIBSafeTimer.pas"/>
			<DCCReference Include="..\Source\pFIBMetaData.pas"/>
			<DCCReference Include="..\Source\pFIBDataRefresh.pas"/>
			<DCCReference Include="..\Source\pFIBExports.pas"/>
			<DCCReference Include="..\Source\pFIBClientDataSet.pas"/>
			<BuildConfiguration Include="Base">
				<Key>Base</Key>
			</BuildConfiguration>
			<BuildConfiguration Include="Debug">
				<Key>Cfg_1</Key>
				<CfgParent>Base</CfgParent>
			</BuildConfiguration>
			<BuildConfiguration Include="Release">
				<Key>Cfg_2</Key>
				<CfgParent>Base</CfgParent>
			</BuildConfiguration>
		</ItemGroup>
		<Import Project="$(BDS)\Bin\CodeGear.Delphi.Targets" Condition="Exists('$(BDS)\Bin\CodeGear.Delphi.Targets')"/>
		<ProjectExtensions>
			<Borland.Personality>Delphi.Personality.12</Borland.Personality>
			<Borland.ProjectType>Package</Borland.ProjectType>
			<BorlandProject>
				<Delphi.Personality>
					<Parameters>
						<Parameters Name="UseLauncher">False</Parameters>
						<Parameters Name="LoadAllSymbols">True</Parameters>
						<Parameters Name="LoadUnspecifiedSymbols">False</Parameters>
					</Parameters>
					<VersionInfo>
						<VersionInfo Name="IncludeVerInfo">True</VersionInfo>
						<VersionInfo Name="AutoIncBuild">False</VersionInfo>
						<VersionInfo Name="MajorVer">1</VersionInfo>
						<VersionInfo Name="MinorVer">0</VersionInfo>
						<VersionInfo Name="Release">0</VersionInfo>
						<VersionInfo Name="Build">0</VersionInfo>
						<VersionInfo Name="Debug">False</VersionInfo>
						<VersionInfo Name="PreRelease">False</VersionInfo>
						<VersionInfo Name="Special">False</VersionInfo>
						<VersionInfo Name="Private">False</VersionInfo>
						<VersionInfo Name="DLL">False</VersionInfo>
						<VersionInfo Name="Locale">1049</VersionInfo>
						<VersionInfo Name="CodePage">1251</VersionInfo>
					</VersionInfo>
					<VersionInfoKeys>
						<VersionInfoKeys Name="CompanyName"/>
						<VersionInfoKeys Name="FileDescription"/>
						<VersionInfoKeys Name="FileVersion">1.0.0.0</VersionInfoKeys>
						<VersionInfoKeys Name="InternalName"/>
						<VersionInfoKeys Name="LegalCopyright"/>
						<VersionInfoKeys Name="LegalTrademarks"/>
						<VersionInfoKeys Name="OriginalFilename"/>
						<VersionInfoKeys Name="ProductName"/>
						<VersionInfoKeys Name="ProductVersion">1.0.0.0</VersionInfoKeys>
						<VersionInfoKeys Name="Comments"/>
					</VersionInfoKeys>
					<Source>
						<Source Name="MainSource">FIBPlus2010.dpk</Source>
					</Source>
					<Excluded_Packages>
						<Excluded_Packages Name="$(BDS)\bin\bcboffice2k140.bpl">Embarcadero C++Builder Office 2000 Servers Package</Excluded_Packages>
						<Excluded_Packages Name="$(BDS)\bin\bcbofficexp140.bpl">Embarcadero C++Builder Office XP Servers Package</Excluded_Packages>
						<Excluded_Packages Name="$(BDS)\bin\dcloffice2k140.bpl">Microsoft Office 2000 Sample Automation Server Wrapper Components</Excluded_Packages>
						<Excluded_Packages Name="$(BDS)\bin\dclofficexp140.bpl">Microsoft Office XP Sample Automation Server Wrapper Components</Excluded_Packages>
					</Excluded_Packages>
				</Delphi.Personality>
			</BorlandProject>
			<ProjectFileVersion>12</ProjectFileVersion>
		</ProjectExtensions>
	</Project>
