	<Project xmlns="http://schemas.microsoft.com/developer/msbuild/2003">
		<PropertyGroup>
			<ProjectGuid>{0f436fc7-b823-4a6a-8159-0cddb23370e9}</ProjectGuid>
			<MainSource>FIBPlus2010.dpk</MainSource>
			<Configuration Condition=" '$(Configuration)' == '' ">Debug</Configuration>
			<Platform Condition=" '$(Platform)' == '' ">AnyCPU</Platform>
			<DCC_DCCCompiler>DCC32</DCC_DCCCompiler>
			<DCC_DependencyCheckOutputName>C:\Documents and Settings\vvs.HOME\Мои документы\RAD Studio\5.0\Bpl\FIBPlus2007.bpl</DCC_DependencyCheckOutputName>
			<ProjectVersion>12.0</ProjectVersion>
			<Config Condition="'$(Config)'==''">Devrace</Config>
		</PropertyGroup>
		<PropertyGroup Condition="'$(Config)'=='Base' or '$(Base)'!=''">
			<Base>true</Base>
		</PropertyGroup>
		<PropertyGroup Condition="'$(Config)'=='Release' or '$(Cfg_1)'!=''">
			<Cfg_1>true</Cfg_1>
			<CfgParent>Base</CfgParent>
			<Base>true</Base>
		</PropertyGroup>
		<PropertyGroup Condition="'$(Config)'=='Debug' or '$(Cfg_2)'!=''">
			<Cfg_2>true</Cfg_2>
			<CfgParent>Base</CfgParent>
			<Base>true</Base>
		</PropertyGroup>
		<PropertyGroup Condition="'$(Config)'=='Devrace' or '$(Cfg_4)'!=''">
			<Cfg_4>true</Cfg_4>
			<CfgParent>Base</CfgParent>
			<Base>true</Base>
		</PropertyGroup>
		<PropertyGroup Condition="'$(Base)'!=''">
			<DCC_SymbolReferenceInfo>1</DCC_SymbolReferenceInfo>
			<DCC_ImageBase>00400000</DCC_ImageBase>
			<DesignOnlyPackage>false</DesignOnlyPackage>
			<DCC_Description>FIBPlus</DCC_Description>
			<DCC_DependencyCheckOutputName>C:\Documents and Settings\All Users\Документы\RAD Studio\7.0\Bpl\FIBPlus2010.bpl</DCC_DependencyCheckOutputName>
			<DCC_OutputNeverBuildDcps>true</DCC_OutputNeverBuildDcps>
			<GenDll>true</GenDll>
			<DCC_WriteableConstants>true</DCC_WriteableConstants>
			<GenPackage>true</GenPackage>
		</PropertyGroup>
		<PropertyGroup Condition="'$(Cfg_1)'!=''">
			<Version>7.0</Version>
			<DCC_DebugInformation>False</DCC_DebugInformation>
			<DCC_WriteableConstants>True</DCC_WriteableConstants>
			<DCC_LocalDebugSymbols>False</DCC_LocalDebugSymbols>
			<DCC_SymbolReferenceInfo>0</DCC_SymbolReferenceInfo>
			<DCC_CBuilderOutput>All</DCC_CBuilderOutput>
			<DCC_Define>RELEASE</DCC_Define>
		</PropertyGroup>
		<PropertyGroup Condition="'$(Cfg_2)'!=''">
			<Version>7.0</Version>
			<DCC_WriteableConstants>True</DCC_WriteableConstants>
		</PropertyGroup>
		<PropertyGroup Condition="'$(Cfg_4)'!=''">
			<DCC_SymbolReferenceInfo>0</DCC_SymbolReferenceInfo>
			<DCC_DebugInformation>false</DCC_DebugInformation>
			<DCC_LocalDebugSymbols>false</DCC_LocalDebugSymbols>
			<DCC_AssertionsAtRuntime>false</DCC_AssertionsAtRuntime>
			<DCC_DcuOutput>d2010</DCC_DcuOutput>
			<DCC_ImportedDataReferences>false</DCC_ImportedDataReferences>
		</PropertyGroup>
		<ItemGroup>
			<DelphiCompile Include="FIBPlus2010.dpk">
				<MainSource>MainSource</MainSource>
			</DelphiCompile>
			<DCCReference Include="rtl.dcp"/>
			<DCCReference Include="vcl.dcp"/>
			<DCCReference Include="dbrtl.dcp"/>
			<DCCReference Include="dsnap.dcp"/>
			<DCCReference Include="vcldb.dcp"/>
			<DCCReference Include="..\RegFIBPlus.pas"/>
			<DCCReference Include="..\DBParsers.pas"/>
			<DCCReference Include="..\DSContainer.pas"/>
			<DCCReference Include="..\fib.pas"/>
			<DCCReference Include="..\FIBCacheManage.pas"/>
			<DCCReference Include="..\FIBCloneComponents.pas"/>
			<DCCReference Include="..\FIBConsts.pas"/>
			<DCCReference Include="..\FIBDatabase.pas"/>
			<DCCReference Include="..\FIBDataSet.pas"/>
			<DCCReference Include="..\FIBDBLoginDlg.pas"/>
			<DCCReference Include="..\FIBMiscellaneous.pas"/>
			<DCCReference Include="..\FIBQuery.pas"/>
			<DCCReference Include="..\FIBSQLMonitor.pas"/>
			<DCCReference Include="..\IB_ErrorCodes.pas"/>
			<DCCReference Include="..\IB_Externals.pas"/>
			<DCCReference Include="..\IB_Install.pas"/>
			<DCCReference Include="..\IB_InstallHeader.pas"/>
			<DCCReference Include="..\IB_Intf.pas"/>
			<DCCReference Include="..\IB_Services.pas"/>
			<DCCReference Include="..\ibase.pas"/>
			<DCCReference Include="..\IBBlobFilter.pas"/>
			<DCCReference Include="..\pFIBArray.pas"/>
			<DCCReference Include="..\pFIBCacheQueries.pas"/>
			<DCCReference Include="..\pFIBDatabase.pas"/>
			<DCCReference Include="..\pFIBDataInfo.pas"/>
			<DCCReference Include="..\pFIBDataSet.pas"/>
			<DCCReference Include="..\pFIBErrorHandler.pas"/>
			<DCCReference Include="..\pFIBEventLists.pas"/>
			<DCCReference Include="..\pFIBFieldsDescr.pas"/>
			<DCCReference Include="..\pFIBInterfaces.pas"/>
			<DCCReference Include="..\pFIBLists.pas"/>
			<DCCReference Include="..\pFIBProps.pas"/>
			<DCCReference Include="..\pFIBQuery.pas"/>
			<DCCReference Include="..\pFIBSQLLog.pas"/>
			<DCCReference Include="..\pFIBStoredProc.pas"/>
			<DCCReference Include="..\pTestInfo.pas"/>
			<DCCReference Include="..\RegUtils.pas"/>
			<DCCReference Include="..\SIBAPI.pas"/>
			<DCCReference Include="..\SIBEABase.pas"/>
			<DCCReference Include="..\SIBFIBEA.PAS"/>
			<DCCReference Include="..\SIBGlobals.pas"/>
			<DCCReference Include="..\SqlTxtRtns.pas"/>
			<DCCReference Include="..\StdFuncs.pas"/>
			<DCCReference Include="..\VariantRtn.pas"/>
			<DCCReference Include="..\pFIBScripter.pas"/>
			<DCCReference Include="..\StrUtil.pas"/>
			<DCCReference Include="..\FIBSafeTimer.pas"/>
			<DCCReference Include="..\pFIBMetaData.pas"/>
			<DCCReference Include="..\pFIBDataRefresh.pas"/>
			<DCCReference Include="..\pFIBExports.pas"/>
			<DCCReference Include="..\pFIBClientDataSet.pas"/>
			<BuildConfiguration Include="Base">
				<Key>Base</Key>
			</BuildConfiguration>
			<BuildConfiguration Include="Devrace">
				<Key>Cfg_4</Key>
				<CfgParent>Base</CfgParent>
			</BuildConfiguration>
			<BuildConfiguration Include="Debug">
				<Key>Cfg_2</Key>
				<CfgParent>Base</CfgParent>
			</BuildConfiguration>
			<BuildConfiguration Include="Release">
				<Key>Cfg_1</Key>
				<CfgParent>Base</CfgParent>
			</BuildConfiguration>
		</ItemGroup>
		<Import Project="$(BDS)\Bin\CodeGear.Delphi.Targets" Condition="Exists('$(BDS)\Bin\CodeGear.Delphi.Targets')"/>
		<ProjectExtensions>
			<Borland.Personality>Delphi.Personality.12</Borland.Personality>
			<Borland.ProjectType>Package</Borland.ProjectType>
			<BorlandProject>
				<Delphi.Personality>
					<Parameters>
						<Parameters Name="UseLauncher">False</Parameters>
						<Parameters Name="LoadAllSymbols">True</Parameters>
						<Parameters Name="LoadUnspecifiedSymbols">False</Parameters>
					</Parameters>
					<VersionInfo>
						<VersionInfo Name="IncludeVerInfo">True</VersionInfo>
						<VersionInfo Name="AutoIncBuild">False</VersionInfo>
						<VersionInfo Name="MajorVer">1</VersionInfo>
						<VersionInfo Name="MinorVer">0</VersionInfo>
						<VersionInfo Name="Release">0</VersionInfo>
						<VersionInfo Name="Build">0</VersionInfo>
						<VersionInfo Name="Debug">False</VersionInfo>
						<VersionInfo Name="PreRelease">False</VersionInfo>
						<VersionInfo Name="Special">False</VersionInfo>
						<VersionInfo Name="Private">False</VersionInfo>
						<VersionInfo Name="DLL">False</VersionInfo>
						<VersionInfo Name="Locale">1049</VersionInfo>
						<VersionInfo Name="CodePage">1251</VersionInfo>
					</VersionInfo>
					<VersionInfoKeys>
						<VersionInfoKeys Name="CompanyName"/>
						<VersionInfoKeys Name="FileDescription"/>
						<VersionInfoKeys Name="FileVersion">1.0.0.0</VersionInfoKeys>
						<VersionInfoKeys Name="InternalName"/>
						<VersionInfoKeys Name="LegalCopyright"/>
						<VersionInfoKeys Name="LegalTrademarks"/>
						<VersionInfoKeys Name="OriginalFilename"/>
						<VersionInfoKeys Name="ProductName"/>
						<VersionInfoKeys Name="ProductVersion">1.0.0.0</VersionInfoKeys>
						<VersionInfoKeys Name="Comments"/>
					</VersionInfoKeys>
					<Source>
						<Source Name="MainSource">FIBPlus2010.dpk</Source>
					</Source>
					<Excluded_Packages>
						<Excluded_Packages Name="$(BDS)\bin\bcboffice2k140.bpl">Embarcadero C++Builder Office 2000 Servers Package</Excluded_Packages>
						<Excluded_Packages Name="$(BDS)\bin\bcbofficexp140.bpl">Embarcadero C++Builder Office XP Servers Package</Excluded_Packages>
						<Excluded_Packages Name="$(BDS)\bin\dcloffice2k140.bpl">Microsoft Office 2000 Sample Automation Server Wrapper Components</Excluded_Packages>
						<Excluded_Packages Name="$(BDS)\bin\dclofficexp140.bpl">Microsoft Office XP Sample Automation Server Wrapper Components</Excluded_Packages>
					</Excluded_Packages>
				</Delphi.Personality>
			</BorlandProject>
			<ProjectFileVersion>12</ProjectFileVersion>
		</ProjectExtensions>
	</Project>
